// !$*UTF8*$!
{
	archiveVersion = 1;
	classes = {
	};
	objectVersion = 77;
	objects = {

/* Begin PBXBuildFile section */
		0E010A9F2F97AC4B0084F23A /* WidgetKit.framework in Frameworks */ = {isa = PBXBuildFile; fileRef = 0E010A9E2F97AC4B0084F23A /* WidgetKit.framework */; };
		0E010AA12F97AC4B0084F23A /* SwiftUI.framework in Frameworks */ = {isa = PBXBuildFile; fileRef = 0E010AA02F97AC4B0084F23A /* SwiftUI.framework */; };
		0E010AB22F97AC4C0084F23A /* TallyvityWidgetExtension.appex in Embed Foundation Extensions */ = {isa = PBXBuildFile; fileRef = 0E010A9D2F97AC4B0084F23A /* TallyvityWidgetExtension.appex */; settings = {ATTRIBUTES = (RemoveHeadersOnCopy, ); }; };
		0E64F01A2F9707840059DD25 /* MLX in Frameworks */ = {isa = PBXBuildFile; productRef = 0E64F0192F9707840059DD25 /* MLX */; };
		0E64F01C2F9707840059DD25 /* MLXFast in Frameworks */ = {isa = PBXBuildFile; productRef = 0E64F01B2F9707840059DD25 /* MLXFast */; };
		0E64F01E2F9707840059DD25 /* MLXNN in Frameworks */ = {isa = PBXBuildFile; productRef = 0E64F01D2F9707840059DD25 /* MLXNN */; };
		0E64F0202F9707840059DD25 /* MLXRandom in Frameworks */ = {isa = PBXBuildFile; productRef = 0E64F01F2F9707840059DD25 /* MLXRandom */; };
		0E64F0272F9708E20059DD25 /* MLXHuggingFace in Frameworks */ = {isa = PBXBuildFile; productRef = 0E64F0262F9708E20059DD25 /* MLXHuggingFace */; };
		0E64F0292F9708E20059DD25 /* MLXLLM in Frameworks */ = {isa = PBXBuildFile; productRef = 0E64F0282F9708E20059DD25 /* MLXLLM */; };
		0E64F02B2F9708E20059DD25 /* MLXVLM in Frameworks */ = {isa = PBXBuildFile; productRef = 0E64F02A2F9708E20059DD25 /* MLXVLM */; };
		0E64F02E2F970BE20059DD25 /* HuggingFace in Frameworks */ = {isa = PBXBuildFile; productRef = 0E64F02D2F970BE20059DD25 /* HuggingFace */; };
		0E64F0312F970BF70059DD25 /* Hub in Frameworks */ = {isa = PBXBuildFile; productRef = 0E64F0302F970BF70059DD25 /* Hub */; };
		0E64F0332F970BF70059DD25 /* Tokenizers in Frameworks */ = {isa = PBXBuildFile; productRef = 0E64F0322F970BF70059DD25 /* Tokenizers */; };
		0E64F0352F970BF70059DD25 /* Transformers in Frameworks */ = {isa = PBXBuildFile; productRef = 0E64F0342F970BF70059DD25 /* Transformers */; };
		0EA4389F2F96E5CA0087FD93 /* ArgmaxOSS in Frameworks */ = {isa = PBXBuildFile; productRef = 0EA4389E2F96E5CA0087FD93 /* ArgmaxOSS */; };
		0EA438A12F96E5CA0087FD93 /* SpeakerKit in Frameworks */ = {isa = PBXBuildFile; productRef = 0EA438A02F96E5CA0087FD93 /* SpeakerKit */; };
		0EA438A32F96E5CA0087FD93 /* TTSKit in Frameworks */ = {isa = PBXBuildFile; productRef = 0EA438A22F96E5CA0087FD93 /* TTSKit */; };
		0EA438A52F96E5CA0087FD93 /* WhisperKit in Frameworks */ = {isa = PBXBuildFile; productRef = 0EA438A42F96E5CA0087FD93 /* WhisperKit */; };
/* End PBXBuildFile section */

/* Begin PBXContainerItemProxy section */
		0E010AB02F97AC4C0084F23A /* PBXContainerItemProxy */ = {
			isa = PBXContainerItemProxy;
			containerPortal = 0E32E5C02F96E1210035B67D /* Project object */;
			proxyType = 1;
			remoteGlobalIDString = 0E010A9C2F97AC4B0084F23A;
			remoteInfo = TallyvityWidgetExtension;
		};
/* End PBXContainerItemProxy section */

/* Begin PBXCopyFilesBuildPhase section */
		0E010AB72F97AC4C0084F23A /* Embed Foundation Extensions */ = {
			isa = PBXCopyFilesBuildPhase;
			buildActionMask = 2147483647;
			dstPath = "";
			dstSubfolderSpec = 13;
			files = (
				0E010AB22F97AC4C0084F23A /* TallyvityWidgetExtension.appex in Embed Foundation Extensions */,
			);
			name = "Embed Foundation Extensions";
			runOnlyForDeploymentPostprocessing = 0;
		};
/* End PBXCopyFilesBuildPhase section */

/* Begin PBXFileReference section */
		0E010A9D2F97AC4B0084F23A /* TallyvityWidgetExtension.appex */ = {isa = PBXFileReference; explicitFileType = "wrapper.app-extension"; includeInIndex = 0; path = TallyvityWidgetExtension.appex; sourceTree = BUILT_PRODUCTS_DIR; };
		0E010A9E2F97AC4B0084F23A /* WidgetKit.framework */ = {isa = PBXFileReference; lastKnownFileType = wrapper.framework; name = WidgetKit.framework; path = System/Library/Frameworks/WidgetKit.framework; sourceTree = SDKROOT; };
		0E010AA02F97AC4B0084F23A /* SwiftUI.framework */ = {isa = PBXFileReference; lastKnownFileType = wrapper.framework; name = SwiftUI.framework; path = System/Library/Frameworks/SwiftUI.framework; sourceTree = SDKROOT; };
		0E010ABB2F97AC730084F23A /* TallyvityWidgetExtension.entitlements */ = {isa = PBXFileReference; lastKnownFileType = text.plist.entitlements; path = TallyvityWidgetExtension.entitlements; sourceTree = "<group>"; };
		0E32E5C82F96E1210035B67D /* tallyvity.app */ = {isa = PBXFileReference; explicitFileType = wrapper.application; includeInIndex = 0; path = tallyvity.app; sourceTree = BUILT_PRODUCTS_DIR; };
		0EA4389A2F96E1D30087FD93 /* Info.plist */ = {isa = PBXFileReference; lastKnownFileType = text.plist.xml; path = Info.plist; sourceTree = "<group>"; };
/* End PBXFileReference section */

/* Begin PBXFileSystemSynchronizedBuildFileExceptionSet section */
		0E010AB32F97AC4C0084F23A /* Exceptions for "TallyvityWidget" folder in "TallyvityWidgetExtension" target */ = {
			isa = PBXFileSystemSynchronizedBuildFileExceptionSet;
			membershipExceptions = (
				Info.plist,
			);
			target = 0E010A9C2F97AC4B0084F23A /* TallyvityWidgetExtension */;
		};
/* End PBXFileSystemSynchronizedBuildFileExceptionSet section */

/* Begin PBXFileSystemSynchronizedRootGroup section */
		0E010AA22F97AC4B0084F23A /* TallyvityWidget */ = {
			isa = PBXFileSystemSynchronizedRootGroup;
			exceptions = (
				0E010AB32F97AC4C0084F23A /* Exceptions for "TallyvityWidget" folder in "TallyvityWidgetExtension" target */,
			);
			path = TallyvityWidget;
			sourceTree = "<group>";
		};
		0E32E5CA2F96E1210035B67D /* tallyvity */ = {
			isa = PBXFileSystemSynchronizedRootGroup;
			path = tallyvity;
			sourceTree = "<group>";
		};
/* End PBXFileSystemSynchronizedRootGroup section */

/* Begin PBXFrameworksBuildPhase section */
		0E010A9A2F97AC4B0084F23A /* Frameworks */ = {
			isa = PBXFrameworksBuildPhase;
			buildActionMask = 2147483647;
			files = (
				0E010AA12F97AC4B0084F23A /* SwiftUI.framework in Frameworks */,
				0E010A9F2F97AC4B0084F23A /* WidgetKit.framework in Frameworks */,
			);
			runOnlyForDeploymentPostprocessing = 0;
		};
		0E32E5C52F96E1210035B67D /* Frameworks */ = {
			isa = PBXFrameworksBuildPhase;
			buildActionMask = 2147483647;
			files = (
				0E64F0292F9708E20059DD25 /* MLXLLM in Frameworks */,
				0E64F01C2F9707840059DD25 /* MLXFast in Frameworks */,
				0EA438A52F96E5CA0087FD93 /* WhisperKit in Frameworks */,
				0E64F02B2F9708E20059DD25 /* MLXVLM in Frameworks */,
				0E64F0272F9708E20059DD25 /* MLXHuggingFace in Frameworks */,
				0E64F0312F970BF70059DD25 /* Hub in Frameworks */,
				0EA438A32F96E5CA0087FD93 /* TTSKit in Frameworks */,
				0E64F0202F9707840059DD25 /* MLXRandom in Frameworks */,
				0E64F0332F970BF70059DD25 /* Tokenizers in Frameworks */,
				0EA4389F2F96E5CA0087FD93 /* ArgmaxOSS in Frameworks */,
				0E64F01A2F9707840059DD25 /* MLX in Frameworks */,
				0E64F01E2F9707840059DD25 /* MLXNN in Frameworks */,
				0E64F0352F970BF70059DD25 /* Transformers in Frameworks */,
				0EA438A12F96E5CA0087FD93 /* SpeakerKit in Frameworks */,
				0E64F02E2F970BE20059DD25 /* HuggingFace in Frameworks */,
			);
			runOnlyForDeploymentPostprocessing = 0;
		};
/* End PBXFrameworksBuildPhase section */

/* Begin PBXGroup section */
		0E1291DA2F96E9FA0065D9E8 /* Frameworks */ = {
			isa = PBXGroup;
			children = (
				0E010A9E2F97AC4B0084F23A /* WidgetKit.framework */,
				0E010AA02F97AC4B0084F23A /* SwiftUI.framework */,
			);
			name = Frameworks;
			sourceTree = "<group>";
		};
		0E32E5BF2F96E1210035B67D = {
			isa = PBXGroup;
			children = (
				0E010ABB2F97AC730084F23A /* TallyvityWidgetExtension.entitlements */,
				0E32E5CA2F96E1210035B67D /* tallyvity */,
				0E010AA22F97AC4B0084F23A /* TallyvityWidget */,
				0E32E5C92F96E1210035B67D /* Products */,
				0EA4389A2F96E1D30087FD93 /* Info.plist */,
				0E1291DA2F96E9FA0065D9E8 /* Frameworks */,
			);
			sourceTree = "<group>";
		};
		0E32E5C92F96E1210035B67D /* Products */ = {
			isa = PBXGroup;
			children = (
				0E32E5C82F96E1210035B67D /* tallyvity.app */,
				0E010A9D2F97AC4B0084F23A /* TallyvityWidgetExtension.appex */,
			);
			name = Products;
			sourceTree = "<group>";
		};
/* End PBXGroup section */

/* Begin PBXNativeTarget section */
		0E010A9C2F97AC4B0084F23A /* TallyvityWidgetExtension */ = {
			isa = PBXNativeTarget;
			buildConfigurationList = 0E010AB42F97AC4C0084F23A /* Build configuration list for PBXNativeTarget "TallyvityWidgetExtension" */;
			buildPhases = (
				0E010A992F97AC4B0084F23A /* Sources */,
				0E010A9A2F97AC4B0084F23A /* Frameworks */,
				0E010A9B2F97AC4B0084F23A /* Resources */,
			);
			buildRules = (
			);
			dependencies = (
			);
			fileSystemSynchronizedGroups = (
				0E010AA22F97AC4B0084F23A /* TallyvityWidget */,
			);
			name = TallyvityWidgetExtension;
			packageProductDependencies = (
			);
			productName = TallyvityWidgetExtension;
			productReference = 0E010A9D2F97AC4B0084F23A /* TallyvityWidgetExtension.appex */;
			productType = "com.apple.product-type.app-extension";
		};
		0E32E5C72F96E1210035B67D /* tallyvity */ = {
			isa = PBXNativeTarget;
			buildConfigurationList = 0E32E5D52F96E1220035B67D /* Build configuration list for PBXNativeTarget "tallyvity" */;
			buildPhases = (
				0E32E5C42F96E1210035B67D /* Sources */,
				0E32E5C52F96E1210035B67D /* Frameworks */,
				0E32E5C62F96E1210035B67D /* Resources */,
				0E1291DD2F96EB7B0065D9E8 /* ShellScript */,
				0E010AB72F97AC4C0084F23A /* Embed Foundation Extensions */,
			);
			buildRules = (
			);
			dependencies = (
				0E010AB12F97AC4C0084F23A /* PBXTargetDependency */,
			);
			fileSystemSynchronizedGroups = (
				0E32E5CA2F96E1210035B67D /* tallyvity */,
			);
			name = tallyvity;
			packageProductDependencies = (
				0EA4389E2F96E5CA0087FD93 /* ArgmaxOSS */,
				0EA438A02F96E5CA0087FD93 /* SpeakerKit */,
				0EA438A22F96E5CA0087FD93 /* TTSKit */,
				0EA438A42F96E5CA0087FD93 /* WhisperKit */,
				0E64F0192F9707840059DD25 /* MLX */,
				0E64F01B2F9707840059DD25 /* MLXFast */,
				0E64F01D2F9707840059DD25 /* MLXNN */,
				0E64F01F2F9707840059DD25 /* MLXRandom */,
				0E64F0262F9708E20059DD25 /* MLXHuggingFace */,
				0E64F0282F9708E20059DD25 /* MLXLLM */,
				0E64F02A2F9708E20059DD25 /* MLXVLM */,
				0E64F02D2F970BE20059DD25 /* HuggingFace */,
				0E64F0302F970BF70059DD25 /* Hub */,
				0E64F0322F970BF70059DD25 /* Tokenizers */,
				0E64F0342F970BF70059DD25 /* Transformers */,
			);
			productName = forceme;
			productReference = 0E32E5C82F96E1210035B67D /* tallyvity.app */;
			productType = "com.apple.product-type.application";
		};
/* End PBXNativeTarget section */

/* Begin PBXProject section */
		0E32E5C02F96E1210035B67D /* Project object */ = {
			isa = PBXProject;
			attributes = {
				BuildIndependentTargetsInParallel = 1;
				LastSwiftUpdateCheck = 2640;
				LastUpgradeCheck = 2640;
				TargetAttributes = {
					0E010A9C2F97AC4B0084F23A = {
						CreatedOnToolsVersion = 26.4;
					};
					0E32E5C72F96E1210035B67D = {
						CreatedOnToolsVersion = 26.4;
					};
				};
			};
			buildConfigurationList = 0E32E5C32F96E1210035B67D /* Build configuration list for PBXProject "tallyvity" */;
			developmentRegion = en;
			hasScannedForEncodings = 0;
			knownRegions = (
				en,
				Base,
			);
			mainGroup = 0E32E5BF2F96E1210035B67D;
			minimizedProjectReferenceProxies = 1;
			packageReferences = (
				0EA4389D2F96E5CA0087FD93 /* XCRemoteSwiftPackageReference "argmax-oss-swift" */,
				0E64F0182F9707840059DD25 /* XCRemoteSwiftPackageReference "mlx-swift" */,
				0E64F0252F9708E20059DD25 /* XCRemoteSwiftPackageReference "mlx-swift-lm" */,
				0E64F02C2F970BE20059DD25 /* XCRemoteSwiftPackageReference "swift-huggingface" */,
				0E64F02F2F970BF70059DD25 /* XCRemoteSwiftPackageReference "swift-transformers" */,
			);
			preferredProjectObjectVersion = 77;
			productRefGroup = 0E32E5C92F96E1210035B67D /* Products */;
			projectDirPath = "";
			projectRoot = "";
			targets = (
				0E32E5C72F96E1210035B67D /* tallyvity */,
				0E010A9C2F97AC4B0084F23A /* TallyvityWidgetExtension */,
			);
		};
/* End PBXProject section */

/* Begin PBXResourcesBuildPhase section */
		0E010A9B2F97AC4B0084F23A /* Resources */ = {
			isa = PBXResourcesBuildPhase;
			buildActionMask = 2147483647;
			files = (
			);
			runOnlyForDeploymentPostprocessing = 0;
		};
		0E32E5C62F96E1210035B67D /* Resources */ = {
			isa = PBXResourcesBuildPhase;
			buildActionMask = 2147483647;
			files = (
			);
			runOnlyForDeploymentPostprocessing = 0;
		};
/* End PBXResourcesBuildPhase section */

/* Begin PBXShellScriptBuildPhase section */
		0E1291DD2F96EB7B0065D9E8 /* ShellScript */ = {
			isa = PBXShellScriptBuildPhase;
			alwaysOutOfDate = 1;
			buildActionMask = 2147483647;
			files = (
			);
			inputFileListPaths = (
			);
			inputPaths = (
			);
			outputFileListPaths = (
			);
			outputPaths = (
			);
			runOnlyForDeploymentPostprocessing = 0;
			shellPath = /bin/sh;
			shellScript = "find \"${CODESIGNING_FOLDER_PATH}/Frameworks\" -name \"*.dylib\" | while read dylib; do                                                               \n    codesign --force --sign \"${EXPANDED_CODE_SIGN_IDENTITY}\" \"$dylib\"                                                                               \n  done\n";
		};
/* End PBXShellScriptBuildPhase section */

/* Begin PBXSourcesBuildPhase section */
		0E010A992F97AC4B0084F23A /* Sources */ = {
			isa = PBXSourcesBuildPhase;
			buildActionMask = 2147483647;
			files = (
			);
			runOnlyForDeploymentPostprocessing = 0;
		};
		0E32E5C42F96E1210035B67D /* Sources */ = {
			isa = PBXSourcesBuildPhase;
			buildActionMask = 2147483647;
			files = (
			);
			runOnlyForDeploymentPostprocessing = 0;
		};
/* End PBXSourcesBuildPhase section */

/* Begin PBXTargetDependency section */
		0E010AB12F97AC4C0084F23A /* PBXTargetDependency */ = {
			isa = PBXTargetDependency;
			target = 0E010A9C2F97AC4B0084F23A /* TallyvityWidgetExtension */;
			targetProxy = 0E010AB02F97AC4C0084F23A /* PBXContainerItemProxy */;
		};
/* End PBXTargetDependency section */

/* Begin XCBuildConfiguration section */
		0E010AB52F97AC4C0084F23A /* Debug */ = {
			isa = XCBuildConfiguration;
			buildSettings = {
				ASSETCATALOG_COMPILER_GLOBAL_ACCENT_COLOR_NAME = AccentColor;
				ASSETCATALOG_COMPILER_WIDGET_BACKGROUND_COLOR_NAME = WidgetBackground;
				CODE_SIGN_ENTITLEMENTS = TallyvityWidgetExtension.entitlements;
				CODE_SIGN_STYLE = Automatic;
				CURRENT_PROJECT_VERSION = 1;
				DEVELOPMENT_TEAM = 9LKY7MBW4C;
				GENERATE_INFOPLIST_FILE = YES;
				INFOPLIST_FILE = TallyvityWidget/Info.plist;
				INFOPLIST_KEY_CFBundleDisplayName = TallyvityWidget;
				INFOPLIST_KEY_NSCriticalMessagingUsageDescription = "Help user stay on track with tasks.";
				INFOPLIST_KEY_NSHumanReadableCopyright = "";
				IPHONEOS_DEPLOYMENT_TARGET = 18.0;
				LD_RUNPATH_SEARCH_PATHS = (
					"$(inherited)",
					"@executable_path/Frameworks",
					"@executable_path/../../Frameworks",
				);
				MARKETING_VERSION = 1.0;
				PRODUCT_BUNDLE_IDENTIFIER = elano.tallyvity.app.TallyvityWidget;
				PRODUCT_NAME = "$(TARGET_NAME)";
				SKIP_INSTALL = YES;
				STRING_CATALOG_GENERATE_SYMBOLS = YES;
				SWIFT_APPROACHABLE_CONCURRENCY = YES;
				SWIFT_EMIT_LOC_STRINGS = YES;
				SWIFT_UPCOMING_FEATURE_MEMBER_IMPORT_VISIBILITY = YES;
				SWIFT_VERSION = 5.0;
				TARGETED_DEVICE_FAMILY = "1,2";
			};
			name = Debug;
		};
		0E010AB62F97AC4C0084F23A /* Release */ = {
			isa = XCBuildConfiguration;
			buildSettings = {
				ASSETCATALOG_COMPILER_GLOBAL_ACCENT_COLOR_NAME = AccentColor;
				ASSETCATALOG_COMPILER_WIDGET_BACKGROUND_COLOR_NAME = WidgetBackground;
				CODE_SIGN_ENTITLEMENTS = TallyvityWidgetExtension.entitlements;
				CODE_SIGN_STYLE = Automatic;
				CURRENT_PROJECT_VERSION = 1;
				DEVELOPMENT_TEAM = 9LKY7MBW4C;
				GENERATE_INFOPLIST_FILE = YES;
				INFOPLIST_FILE = TallyvityWidget/Info.plist;
				INFOPLIST_KEY_CFBundleDisplayName = TallyvityWidget;
				INFOPLIST_KEY_NSCriticalMessagingUsageDescription = "Help user stay on track with tasks.";
				INFOPLIST_KEY_NSHumanReadableCopyright = "";
				IPHONEOS_DEPLOYMENT_TARGET = 18.0;
				LD_RUNPATH_SEARCH_PATHS = (
					"$(inherited)",
					"@executable_path/Frameworks",
					"@executable_path/../../Frameworks",
				);
				MARKETING_VERSION = 1.0;
				PRODUCT_BUNDLE_IDENTIFIER = elano.tallyvity.app.TallyvityWidget;
				PRODUCT_NAME = "$(TARGET_NAME)";
				SKIP_INSTALL = YES;
				STRING_CATALOG_GENERATE_SYMBOLS = YES;
				SWIFT_APPROACHABLE_CONCURRENCY = YES;
				SWIFT_EMIT_LOC_STRINGS = YES;
				SWIFT_UPCOMING_FEATURE_MEMBER_IMPORT_VISIBILITY = YES;
				SWIFT_VERSION = 5.0;
				TARGETED_DEVICE_FAMILY = "1,2";
			};
			name = Release;
		};
		0E32E5D32F96E1220035B67D /* Debug */ = {
			isa = XCBuildConfiguration;
			buildSettings = {
				ALWAYS_SEARCH_USER_PATHS = NO;
				ASSETCATALOG_COMPILER_GENERATE_SWIFT_ASSET_SYMBOL_EXTENSIONS = YES;
				CLANG_ANALYZER_NONNULL = YES;
				CLANG_ANALYZER_NUMBER_OBJECT_CONVERSION = YES_AGGRESSIVE;
				CLANG_CXX_LANGUAGE_STANDARD = "gnu++20";
				CLANG_ENABLE_MODULES = YES;
				CLANG_ENABLE_OBJC_ARC = YES;
				CLANG_ENABLE_OBJC_WEAK = YES;
				CLANG_WARN_BLOCK_CAPTURE_AUTORELEASING = YES;
				CLANG_WARN_BOOL_CONVERSION = YES;
				CLANG_WARN_COMMA = YES;
				CLANG_WARN_CONSTANT_CONVERSION = YES;
				CLANG_WARN_DEPRECATED_OBJC_IMPLEMENTATIONS = YES;
				CLANG_WARN_DIRECT_OBJC_ISA_USAGE = YES_ERROR;
				CLANG_WARN_DOCUMENTATION_COMMENTS = YES;
				CLANG_WARN_EMPTY_BODY = YES;
				CLANG_WARN_ENUM_CONVERSION = YES;
				CLANG_WARN_INFINITE_RECURSION = YES;
				CLANG_WARN_INT_CONVERSION = YES;
				CLANG_WARN_NON_LITERAL_NULL_CONVERSION = YES;
				CLANG_WARN_OBJC_IMPLICIT_RETAIN_SELF = YES;
				CLANG_WARN_OBJC_LITERAL_CONVERSION = YES;
				CLANG_WARN_OBJC_ROOT_CLASS = YES_ERROR;
				CLANG_WARN_QUOTED_INCLUDE_IN_FRAMEWORK_HEADER = YES;
				CLANG_WARN_RANGE_LOOP_ANALYSIS = YES;
				CLANG_WARN_STRICT_PROTOTYPES = YES;
				CLANG_WARN_SUSPICIOUS_MOVE = YES;
				CLANG_WARN_UNGUARDED_AVAILABILITY = YES_AGGRESSIVE;
				CLANG_WARN_UNREACHABLE_CODE = YES;
				CLANG_WARN__DUPLICATE_METHOD_MATCH = YES;
				COPY_PHASE_STRIP = NO;
				DEBUG_INFORMATION_FORMAT = dwarf;
				DEVELOPMENT_TEAM = 9LKY7MBW4C;
				ENABLE_STRICT_OBJC_MSGSEND = YES;
				ENABLE_TESTABILITY = YES;
				ENABLE_USER_SCRIPT_SANDBOXING = YES;
				GCC_C_LANGUAGE_STANDARD = gnu17;
				GCC_DYNAMIC_NO_PIC = NO;
				GCC_NO_COMMON_BLOCKS = YES;
				GCC_OPTIMIZATION_LEVEL = 0;
				GCC_PREPROCESSOR_DEFINITIONS = (
					"DEBUG=1",
					"$(inherited)",
				);
				GCC_WARN_64_TO_32_BIT_CONVERSION = YES;
				GCC_WARN_ABOUT_RETURN_TYPE = YES_ERROR;
				GCC_WARN_UNDECLARED_SELECTOR = YES;
				GCC_WARN_UNINITIALIZED_AUTOS = YES_AGGRESSIVE;
				GCC_WARN_UNUSED_FUNCTION = YES;
				GCC_WARN_UNUSED_VARIABLE = YES;
				INFOPLIST_FILE = "";
				IPHONEOS_DEPLOYMENT_TARGET = 26.4;
				LOCALIZATION_PREFERS_STRING_CATALOGS = YES;
				MTL_ENABLE_DEBUG_INFO = INCLUDE_SOURCE;
				MTL_FAST_MATH = YES;
				ONLY_ACTIVE_ARCH = YES;
				SDKROOT = iphoneos;
				SWIFT_ACTIVE_COMPILATION_CONDITIONS = "DEBUG $(inherited)";
				SWIFT_OPTIMIZATION_LEVEL = "-Onone";
			};
			name = Debug;
		};
		0E32E5D42F96E1220035B67D /* Release */ = {
			isa = XCBuildConfiguration;
			buildSettings = {
				ALWAYS_SEARCH_USER_PATHS = NO;
				ASSETCATALOG_COMPILER_GENERATE_SWIFT_ASSET_SYMBOL_EXTENSIONS = YES;
				CLANG_ANALYZER_NONNULL = YES;
				CLANG_ANALYZER_NUMBER_OBJECT_CONVERSION = YES_AGGRESSIVE;
				CLANG_CXX_LANGUAGE_STANDARD = "gnu++20";
				CLANG_ENABLE_MODULES = YES;
				CLANG_ENABLE_OBJC_ARC = YES;
				CLANG_ENABLE_OBJC_WEAK = YES;
				CLANG_WARN_BLOCK_CAPTURE_AUTORELEASING = YES;
				CLANG_WARN_BOOL_CONVERSION = YES;
				CLANG_WARN_COMMA = YES;
				CLANG_WARN_CONSTANT_CONVERSION = YES;
				CLANG_WARN_DEPRECATED_OBJC_IMPLEMENTATIONS = YES;
				CLANG_WARN_DIRECT_OBJC_ISA_USAGE = YES_ERROR;
				CLANG_WARN_DOCUMENTATION_COMMENTS = YES;
				CLANG_WARN_EMPTY_BODY = YES;
				CLANG_WARN_ENUM_CONVERSION = YES;
				CLANG_WARN_INFINITE_RECURSION = YES;
				CLANG_WARN_INT_CONVERSION = YES;
				CLANG_WARN_NON_LITERAL_NULL_CONVERSION = YES;
				CLANG_WARN_OBJC_IMPLICIT_RETAIN_SELF = YES;
				CLANG_WARN_OBJC_LITERAL_CONVERSION = YES;
				CLANG_WARN_OBJC_ROOT_CLASS = YES_ERROR;
				CLANG_WARN_QUOTED_INCLUDE_IN_FRAMEWORK_HEADER = YES;
				CLANG_WARN_RANGE_LOOP_ANALYSIS = YES;
				CLANG_WARN_STRICT_PROTOTYPES = YES;
				CLANG_WARN_SUSPICIOUS_MOVE = YES;
				CLANG_WARN_UNGUARDED_AVAILABILITY = YES_AGGRESSIVE;
				CLANG_WARN_UNREACHABLE_CODE = YES;
				CLANG_WARN__DUPLICATE_METHOD_MATCH = YES;
				COPY_PHASE_STRIP = NO;
				DEBUG_INFORMATION_FORMAT = "dwarf-with-dsym";
				DEVELOPMENT_TEAM = 9LKY7MBW4C;
				ENABLE_NS_ASSERTIONS = NO;
				ENABLE_STRICT_OBJC_MSGSEND = YES;
				ENABLE_USER_SCRIPT_SANDBOXING = YES;
				GCC_C_LANGUAGE_STANDARD = gnu17;
				GCC_NO_COMMON_BLOCKS = YES;
				GCC_WARN_64_TO_32_BIT_CONVERSION = YES;
				GCC_WARN_ABOUT_RETURN_TYPE = YES_ERROR;
				GCC_WARN_UNDECLARED_SELECTOR = YES;
				GCC_WARN_UNINITIALIZED_AUTOS = YES_AGGRESSIVE;
				GCC_WARN_UNUSED_FUNCTION = YES;
				GCC_WARN_UNUSED_VARIABLE = YES;
				INFOPLIST_FILE = "";
				IPHONEOS_DEPLOYMENT_TARGET = 26.4;
				LOCALIZATION_PREFERS_STRING_CATALOGS = YES;
				MTL_ENABLE_DEBUG_INFO = NO;
				MTL_FAST_MATH = YES;
				SDKROOT = iphoneos;
				SWIFT_COMPILATION_MODE = wholemodule;
				VALIDATE_PRODUCT = YES;
			};
			name = Release;
		};
		0E32E5D62F96E1220035B67D /* Debug */ = {
			isa = XCBuildConfiguration;
			buildSettings = {
				ASSETCATALOG_COMPILER_APPICON_NAME = AppIcon;
				ASSETCATALOG_COMPILER_GLOBAL_ACCENT_COLOR_NAME = AccentColor;
				CODE_SIGN_ENTITLEMENTS = tallyvity/tallyvity.entitlements;
				CODE_SIGN_STYLE = Automatic;
				CURRENT_PROJECT_VERSION = 1;
				DEVELOPMENT_TEAM = 9LKY7MBW4C;
				DONT_GENERATE_INFOPLIST_FILE = NO;
				ENABLE_PREVIEWS = YES;
				GENERATE_INFOPLIST_FILE = NO;
				INFOPLIST_FILE = Info.plist;
				INFOPLIST_KEY_CFBundleDisplayName = Tallyvity;
				INFOPLIST_KEY_LSApplicationCategoryType = "public.app-category.productivity";
				INFOPLIST_KEY_UIApplicationSceneManifest_Generation = YES;
				INFOPLIST_KEY_UIApplicationSupportsIndirectInputEvents = YES;
				INFOPLIST_KEY_UILaunchScreen_Generation = YES;
				INFOPLIST_KEY_UISupportedInterfaceOrientations_iPad = "UIInterfaceOrientationPortrait UIInterfaceOrientationPortraitUpsideDown UIInterfaceOrientationLandscapeLeft UIInterfaceOrientationLandscapeRight";
				INFOPLIST_KEY_UISupportedInterfaceOrientations_iPhone = "UIInterfaceOrientationPortrait UIInterfaceOrientationLandscapeLeft UIInterfaceOrientationLandscapeRight";
				INFOPLIST_PREPROCESS = YES;
				IPHONEOS_DEPLOYMENT_TARGET = 18.0;
				LD_RUNPATH_SEARCH_PATHS = (
					"$(inherited)",
					"@executable_path/Frameworks",
				);
				MARKETING_VERSION = 1.0;
				PRODUCT_BUNDLE_IDENTIFIER = elano.tallyvity.app;
				PRODUCT_NAME = "$(TARGET_NAME)";
				STRING_CATALOG_GENERATE_SYMBOLS = YES;
				SUPPORTED_PLATFORMS = "iphoneos iphonesimulator";
				SUPPORTS_MACCATALYST = NO;
				SUPPORTS_MAC_DESIGNED_FOR_IPHONE_IPAD = NO;
				SUPPORTS_XR_DESIGNED_FOR_IPHONE_IPAD = NO;
				SWIFT_APPROACHABLE_CONCURRENCY = YES;
				SWIFT_DEFAULT_ACTOR_ISOLATION = MainActor;
				SWIFT_EMIT_LOC_STRINGS = YES;
				SWIFT_UPCOMING_FEATURE_MEMBER_IMPORT_VISIBILITY = YES;
				SWIFT_VERSION = 5.0;
				TARGETED_DEVICE_FAMILY = 1;
			};
			name = Debug;
		};
		0E32E5D72F96E1220035B67D /* Release */ = {
			isa = XCBuildConfiguration;
			buildSettings = {
				ASSETCATALOG_COMPILER_APPICON_NAME = AppIcon;
				ASSETCATALOG_COMPILER_GLOBAL_ACCENT_COLOR_NAME = AccentColor;
				CODE_SIGN_ENTITLEMENTS = tallyvity/tallyvity.entitlements;
				CODE_SIGN_STYLE = Automatic;
				CURRENT_PROJECT_VERSION = 1;
				DEVELOPMENT_TEAM = 9LKY7MBW4C;
				DONT_GENERATE_INFOPLIST_FILE = NO;
				ENABLE_PREVIEWS = YES;
				GENERATE_INFOPLIST_FILE = NO;
				INFOPLIST_FILE = Info.plist;
				INFOPLIST_KEY_CFBundleDisplayName = Tallyvity;
				INFOPLIST_KEY_LSApplicationCategoryType = "public.app-category.productivity";
				INFOPLIST_KEY_UIApplicationSceneManifest_Generation = YES;
				INFOPLIST_KEY_UIApplicationSupportsIndirectInputEvents = YES;
				INFOPLIST_KEY_UILaunchScreen_Generation = YES;
				INFOPLIST_KEY_UISupportedInterfaceOrientations_iPad = "UIInterfaceOrientationPortrait UIInterfaceOrientationPortraitUpsideDown UIInterfaceOrientationLandscapeLeft UIInterfaceOrientationLandscapeRight";
				INFOPLIST_KEY_UISupportedInterfaceOrientations_iPhone = "UIInterfaceOrientationPortrait UIInterfaceOrientationLandscapeLeft UIInterfaceOrientationLandscapeRight";
				INFOPLIST_PREPROCESS = YES;
				IPHONEOS_DEPLOYMENT_TARGET = 18.0;
				LD_RUNPATH_SEARCH_PATHS = (
					"$(inherited)",
					"@executable_path/Frameworks",
				);
				MARKETING_VERSION = 1.0;
				PRODUCT_BUNDLE_IDENTIFIER = elano.tallyvity.app;
				PRODUCT_NAME = "$(TARGET_NAME)";
				STRING_CATALOG_GENERATE_SYMBOLS = YES;
				SUPPORTED_PLATFORMS = "iphoneos iphonesimulator";
				SUPPORTS_MACCATALYST = NO;
				SUPPORTS_MAC_DESIGNED_FOR_IPHONE_IPAD = NO;
				SUPPORTS_XR_DESIGNED_FOR_IPHONE_IPAD = NO;
				SWIFT_APPROACHABLE_CONCURRENCY = YES;
				SWIFT_DEFAULT_ACTOR_ISOLATION = MainActor;
				SWIFT_EMIT_LOC_STRINGS = YES;
				SWIFT_UPCOMING_FEATURE_MEMBER_IMPORT_VISIBILITY = YES;
				SWIFT_VERSION = 5.0;
				TARGETED_DEVICE_FAMILY = 1;
			};
			name = Release;
		};
/* End XCBuildConfiguration section */

/* Begin XCConfigurationList section */
		0E010AB42F97AC4C0084F23A /* Build configuration list for PBXNativeTarget "TallyvityWidgetExtension" */ = {
			isa = XCConfigurationList;
			buildConfigurations = (
				0E010AB52F97AC4C0084F23A /* Debug */,
				0E010AB62F97AC4C0084F23A /* Release */,
			);
			defaultConfigurationIsVisible = 0;
			defaultConfigurationName = Release;
		};
		0E32E5C32F96E1210035B67D /* Build configuration list for PBXProject "tallyvity" */ = {
			isa = XCConfigurationList;
			buildConfigurations = (
				0E32E5D32F96E1220035B67D /* Debug */,
				0E32E5D42F96E1220035B67D /* Release */,
			);
			defaultConfigurationIsVisible = 0;
			defaultConfigurationName = Release;
		};
		0E32E5D52F96E1220035B67D /* Build configuration list for PBXNativeTarget "tallyvity" */ = {
			isa = XCConfigurationList;
			buildConfigurations = (
				0E32E5D62F96E1220035B67D /* Debug */,
				0E32E5D72F96E1220035B67D /* Release */,
			);
			defaultConfigurationIsVisible = 0;
			defaultConfigurationName = Release;
		};
/* End XCConfigurationList section */

/* Begin XCRemoteSwiftPackageReference section */
		0E64F0182F9707840059DD25 /* XCRemoteSwiftPackageReference "mlx-swift" */ = {
			isa = XCRemoteSwiftPackageReference;
			repositoryURL = "https://github.com/ml-explore/mlx-swift";
			requirement = {
				kind = upToNextMajorVersion;
				minimumVersion = 0.31.3;
			};
		};
		0E64F0252F9708E20059DD25 /* XCRemoteSwiftPackageReference "mlx-swift-lm" */ = {
			isa = XCRemoteSwiftPackageReference;
			repositoryURL = "https://github.com/ml-explore/mlx-swift-lm";
			requirement = {
				kind = upToNextMajorVersion;
				minimumVersion = 3.31.3;
			};
		};
		0E64F02C2F970BE20059DD25 /* XCRemoteSwiftPackageReference "swift-huggingface" */ = {
			isa = XCRemoteSwiftPackageReference;
			repositoryURL = "https://github.com/huggingface/swift-huggingface";
			requirement = {
				kind = upToNextMajorVersion;
				minimumVersion = 0.9.0;
			};
			traits = (
			);
		};
		0E64F02F2F970BF70059DD25 /* XCRemoteSwiftPackageReference "swift-transformers" */ = {
			isa = XCRemoteSwiftPackageReference;
			repositoryURL = "https://github.com/huggingface/swift-transformers";
			requirement = {
				kind = upToNextMajorVersion;
				minimumVersion = 1.3.0;
			};
			traits = (
			);
		};
		0EA4389D2F96E5CA0087FD93 /* XCRemoteSwiftPackageReference "argmax-oss-swift" */ = {
			isa = XCRemoteSwiftPackageReference;
			repositoryURL = "https://github.com/argmaxinc/argmax-oss-swift.git";
			requirement = {
				branch = main;
				kind = branch;
			};
		};
/* End XCRemoteSwiftPackageReference section */

/* Begin XCSwiftPackageProductDependency section */
		0E64F0192F9707840059DD25 /* MLX */ = {
			isa = XCSwiftPackageProductDependency;
			package = 0E64F0182F9707840059DD25 /* XCRemoteSwiftPackageReference "mlx-swift" */;
			productName = MLX;
		};
		0E64F01B2F9707840059DD25 /* MLXFast */ = {
			isa = XCSwiftPackageProductDependency;
			package = 0E64F0182F9707840059DD25 /* XCRemoteSwiftPackageReference "mlx-swift" */;
			productName = MLXFast;
		};
		0E64F01D2F9707840059DD25 /* MLXNN */ = {
			isa = XCSwiftPackageProductDependency;
			package = 0E64F0182F9707840059DD25 /* XCRemoteSwiftPackageReference "mlx-swift" */;
			productName = MLXNN;
		};
		0E64F01F2F9707840059DD25 /* MLXRandom */ = {
			isa = XCSwiftPackageProductDependency;
			package = 0E64F0182F9707840059DD25 /* XCRemoteSwiftPackageReference "mlx-swift" */;
			productName = MLXRandom;
		};
		0E64F0262F9708E20059DD25 /* MLXHuggingFace */ = {
			isa = XCSwiftPackageProductDependency;
			package = 0E64F0252F9708E20059DD25 /* XCRemoteSwiftPackageReference "mlx-swift-lm" */;
			productName = MLXHuggingFace;
		};
		0E64F0282F9708E20059DD25 /* MLXLLM */ = {
			isa = XCSwiftPackageProductDependency;
			package = 0E64F0252F9708E20059DD25 /* XCRemoteSwiftPackageReference "mlx-swift-lm" */;
			productName = MLXLLM;
		};
		0E64F02A2F9708E20059DD25 /* MLXVLM */ = {
			isa = XCSwiftPackageProductDependency;
			package = 0E64F0252F9708E20059DD25 /* XCRemoteSwiftPackageReference "mlx-swift-lm" */;
			productName = MLXVLM;
		};
		0E64F02D2F970BE20059DD25 /* HuggingFace */ = {
			isa = XCSwiftPackageProductDependency;
			package = 0E64F02C2F970BE20059DD25 /* XCRemoteSwiftPackageReference "swift-huggingface" */;
			productName = HuggingFace;
		};
		0E64F0302F970BF70059DD25 /* Hub */ = {
			isa = XCSwiftPackageProductDependency;
			package = 0E64F02F2F970BF70059DD25 /* XCRemoteSwiftPackageReference "swift-transformers" */;
			productName = Hub;
		};
		0E64F0322F970BF70059DD25 /* Tokenizers */ = {
			isa = XCSwiftPackageProductDependency;
			package = 0E64F02F2F970BF70059DD25 /* XCRemoteSwiftPackageReference "swift-transformers" */;
			productName = Tokenizers;
		};
		0E64F0342F970BF70059DD25 /* Transformers */ = {
			isa = XCSwiftPackageProductDependency;
			package = 0E64F02F2F970BF70059DD25 /* XCRemoteSwiftPackageReference "swift-transformers" */;
			productName = Transformers;
		};
		0EA4389E2F96E5CA0087FD93 /* ArgmaxOSS */ = {
			isa = XCSwiftPackageProductDependency;
			package = 0EA4389D2F96E5CA0087FD93 /* XCRemoteSwiftPackageReference "argmax-oss-swift" */;
			productName = ArgmaxOSS;
		};
		0EA438A02F96E5CA0087FD93 /* SpeakerKit */ = {
			isa = XCSwiftPackageProductDependency;
			package = 0EA4389D2F96E5CA0087FD93 /* XCRemoteSwiftPackageReference "argmax-oss-swift" */;
			productName = SpeakerKit;
		};
		0EA438A22F96E5CA0087FD93 /* TTSKit */ = {
			isa = XCSwiftPackageProductDependency;
			package = 0EA4389D2F96E5CA0087FD93 /* XCRemoteSwiftPackageReference "argmax-oss-swift" */;
			productName = TTSKit;
		};
		0EA438A42F96E5CA0087FD93 /* WhisperKit */ = {
			isa = XCSwiftPackageProductDependency;
			package = 0EA4389D2F96E5CA0087FD93 /* XCRemoteSwiftPackageReference "argmax-oss-swift" */;
			productName = WhisperKit;
		};
/* End XCSwiftPackageProductDependency section */
	};
	rootObject = 0E32E5C02F96E1210035B67D /* Project object */;
}
